{
    "version": 3,
    "terraform_version": "0.11.3",
    "serial": 55,
    "lineage": "ecaefd51-e1eb-4dd0-9157-0f92d9443d6a",
    "modules": [
        {
            "path": [
                "root"
            ],
            "outputs": {},
            "resources": {
                "aws_elb.app-kevin": {
                    "type": "aws_elb",
                    "depends_on": [
                        "module.app-tier"
                    ],
                    "primary": {
                        "id": "app-kevin-elb",
                        "attributes": {
                            "access_logs.#": "0",
                            "arn": "arn:aws:elasticloadbalancing:eu-central-1:135928476890:loadbalancer/app-kevin-elb",
                            "availability_zones.#": "1",
                            "availability_zones.2903539389": "eu-central-1c",
                            "connection_draining": "true",
                            "connection_draining_timeout": "400",
                            "cross_zone_load_balancing": "true",
                            "dns_name": "app-kevin-elb-541532301.eu-central-1.elb.amazonaws.com",
                            "health_check.#": "1",
                            "health_check.0.healthy_threshold": "2",
                            "health_check.0.interval": "10",
                            "health_check.0.target": "HTTP:80/",
                            "health_check.0.timeout": "3",
                            "health_check.0.unhealthy_threshold": "2",
                            "id": "app-kevin-elb",
                            "idle_timeout": "400",
                            "instances.#": "2",
                            "instances.2985080021": "i-060451d5cee82fd90",
                            "instances.3513326034": "i-07b11ed88db724ba9",
                            "internal": "false",
                            "listener.#": "1",
                            "listener.3057123346.instance_port": "80",
                            "listener.3057123346.instance_protocol": "http",
                            "listener.3057123346.lb_port": "80",
                            "listener.3057123346.lb_protocol": "http",
                            "listener.3057123346.ssl_certificate_id": "",
                            "name": "app-kevin-elb",
                            "security_groups.#": "1",
                            "security_groups.2229985910": "sg-5f17c032",
                            "source_security_group": "135928476890/app-kevin",
                            "source_security_group_id": "sg-5f17c032",
                            "subnets.#": "1",
                            "subnets.4058405723": "subnet-3dfc6c70",
                            "tags.%": "1",
                            "tags.Name": "app-kevin-terraform-elb",
                            "zone_id": "Z215JYRZR1TBD5"
                        },
                        "meta": {},
                        "tainted": false
                    },
                    "deposed": [],
                    "provider": "provider.aws"
                },
                "aws_internet_gateway.gw": {
                    "type": "aws_internet_gateway",
                    "depends_on": [
                        "aws_vpc.main"
                    ],
                    "primary": {
                        "id": "igw-3ad9b952",
                        "attributes": {
                            "id": "igw-3ad9b952",
                            "tags.%": "1",
                            "tags.Name": "Kevin-Gateway",
                            "vpc_id": "vpc-9fc370f4"
                        },
                        "meta": {},
                        "tainted": false
                    },
                    "deposed": [],
                    "provider": "provider.aws"
                },
                "aws_route_table.public": {
                    "type": "aws_route_table",
                    "depends_on": [
                        "aws_internet_gateway.gw",
                        "aws_vpc.main"
                    ],
                    "primary": {
                        "id": "rtb-40bbe12b",
                        "attributes": {
                            "id": "rtb-40bbe12b",
                            "propagating_vgws.#": "0",
                            "route.#": "1",
                            "route.1138831158.cidr_block": "0.0.0.0/0",
                            "route.1138831158.egress_only_gateway_id": "",
                            "route.1138831158.gateway_id": "igw-3ad9b952",
                            "route.1138831158.instance_id": "",
                            "route.1138831158.ipv6_cidr_block": "",
                            "route.1138831158.nat_gateway_id": "",
                            "route.1138831158.network_interface_id": "",
                            "route.1138831158.vpc_peering_connection_id": "",
                            "tags.%": "1",
                            "tags.Name": "Kevin Public",
                            "vpc_id": "vpc-9fc370f4"
                        },
                        "meta": {},
                        "tainted": false
                    },
                    "deposed": [],
                    "provider": "provider.aws"
                },
                "aws_vpc.main": {
                    "type": "aws_vpc",
                    "depends_on": [],
                    "primary": {
                        "id": "vpc-9fc370f4",
                        "attributes": {
                            "assign_generated_ipv6_cidr_block": "false",
                            "cidr_block": "10.1.0.0/16",
                            "default_network_acl_id": "acl-f6d0959d",
                            "default_route_table_id": "rtb-88bbe1e3",
                            "default_security_group_id": "sg-11e93e7c",
                            "dhcp_options_id": "dopt-763e381f",
                            "enable_dns_hostnames": "false",
                            "enable_dns_support": "true",
                            "id": "vpc-9fc370f4",
                            "instance_tenancy": "default",
                            "main_route_table_id": "rtb-88bbe1e3",
                            "tags.%": "1",
                            "tags.Name": "VPC-Kevin"
                        },
                        "meta": {
                            "schema_version": "1"
                        },
                        "tainted": false
                    },
                    "deposed": [],
                    "provider": "provider.aws"
                },
                "data.template_file.app_init": {
                    "type": "template_file",
                    "depends_on": [
                        "module.db-tier"
                    ],
                    "primary": {
                        "id": "db63dac7f8d253e2fb2a0992ad6c6d72146ee2bbbbec0978298dfe4323179e4e",
                        "attributes": {
                            "id": "db63dac7f8d253e2fb2a0992ad6c6d72146ee2bbbbec0978298dfe4323179e4e",
                            "rendered": "#!/bin/bash\n\ncd /home/ubuntu/app\nexport DB_HOST=mongodb://10.1.2.176:27017\nnode app.js",
                            "template": "#!/bin/bash\n\ncd /home/ubuntu/app\nexport DB_HOST=mongodb://${priv}:27017\nnode app.js",
                            "vars.%": "1",
                            "vars.priv": "10.1.2.176"
                        },
                        "meta": {},
                        "tainted": false
                    },
                    "deposed": [],
                    "provider": "provider.template"
                }
            },
            "depends_on": []
        },
        {
            "path": [
                "root",
                "app-tier"
            ],
            "outputs": {
                "db_private_ip": {
                    "sensitive": false,
                    "type": "string",
                    "value": "10.1.1.254"
                },
                "id": {
                    "sensitive": false,
                    "type": "list",
                    "value": [
                        "i-07b11ed88db724ba9",
                        "i-060451d5cee82fd90"
                    ]
                },
                "security_app": {
                    "sensitive": false,
                    "type": "string",
                    "value": "sg-5f17c032"
                },
                "subnet": {
                    "sensitive": false,
                    "type": "string",
                    "value": "subnet-3dfc6c70"
                },
                "subnet_cidr_block": {
                    "sensitive": false,
                    "type": "string",
                    "value": "10.1.1.0/24"
                }
            },
            "resources": {
                "aws_instance.app.0": {
                    "type": "aws_instance",
                    "depends_on": [
                        "aws_security_group.kevin-app",
                        "aws_subnet.app"
                    ],
                    "primary": {
                        "id": "i-07b11ed88db724ba9",
                        "attributes": {
                            "ami": "ami-e375128c",
                            "associate_public_ip_address": "true",
                            "availability_zone": "eu-central-1c",
                            "disable_api_termination": "false",
                            "ebs_block_device.#": "0",
                            "ebs_optimized": "false",
                            "ephemeral_block_device.#": "0",
                            "iam_instance_profile": "",
                            "id": "i-07b11ed88db724ba9",
                            "instance_state": "running",
                            "instance_type": "t2.micro",
                            "ipv6_addresses.#": "0",
                            "key_name": "",
                            "monitoring": "false",
                            "network_interface.#": "0",
                            "network_interface_id": "eni-813fcfde",
                            "placement_group": "",
                            "primary_network_interface_id": "eni-813fcfde",
                            "private_dns": "ip-10-1-1-254.eu-central-1.compute.internal",
                            "private_ip": "10.1.1.254",
                            "public_dns": "",
                            "public_ip": "18.194.96.240",
                            "root_block_device.#": "1",
                            "root_block_device.0.delete_on_termination": "true",
                            "root_block_device.0.iops": "100",
                            "root_block_device.0.volume_id": "vol-0af99355517942e6b",
                            "root_block_device.0.volume_size": "8",
                            "root_block_device.0.volume_type": "gp2",
                            "security_groups.#": "0",
                            "source_dest_check": "true",
                            "subnet_id": "subnet-3dfc6c70",
                            "tags.%": "1",
                            "tags.Name": "app-kevin",
                            "tenancy": "default",
                            "user_data": "e6319d0eae8a7eed0e014ef961c7aa8c1c734d6b",
                            "volume_tags.%": "0",
                            "vpc_security_group_ids.#": "1",
                            "vpc_security_group_ids.2229985910": "sg-5f17c032"
                        },
                        "meta": {
                            "e2bfb730-ecaa-11e6-8f88-34363bc7c4c0": {
                                "create": 600000000000,
                                "delete": 600000000000,
                                "update": 600000000000
                            },
                            "schema_version": "1"
                        },
                        "tainted": false
                    },
                    "deposed": [],
                    "provider": "provider.aws"
                },
                "aws_instance.app.1": {
                    "type": "aws_instance",
                    "depends_on": [
                        "aws_security_group.kevin-app",
                        "aws_subnet.app"
                    ],
                    "primary": {
                        "id": "i-060451d5cee82fd90",
                        "attributes": {
                            "ami": "ami-e375128c",
                            "associate_public_ip_address": "true",
                            "availability_zone": "eu-central-1c",
                            "disable_api_termination": "false",
                            "ebs_block_device.#": "0",
                            "ebs_optimized": "false",
                            "ephemeral_block_device.#": "0",
                            "iam_instance_profile": "",
                            "id": "i-060451d5cee82fd90",
                            "instance_state": "running",
                            "instance_type": "t2.micro",
                            "ipv6_addresses.#": "0",
                            "key_name": "",
                            "monitoring": "false",
                            "network_interface.#": "0",
                            "network_interface_id": "eni-d53fcf8a",
                            "placement_group": "",
                            "primary_network_interface_id": "eni-d53fcf8a",
                            "private_dns": "ip-10-1-1-80.eu-central-1.compute.internal",
                            "private_ip": "10.1.1.80",
                            "public_dns": "",
                            "public_ip": "18.196.11.72",
                            "root_block_device.#": "1",
                            "root_block_device.0.delete_on_termination": "true",
                            "root_block_device.0.iops": "100",
                            "root_block_device.0.volume_id": "vol-0bd24e7b84c454971",
                            "root_block_device.0.volume_size": "8",
                            "root_block_device.0.volume_type": "gp2",
                            "security_groups.#": "0",
                            "source_dest_check": "true",
                            "subnet_id": "subnet-3dfc6c70",
                            "tags.%": "1",
                            "tags.Name": "app-kevin",
                            "tenancy": "default",
                            "user_data": "e6319d0eae8a7eed0e014ef961c7aa8c1c734d6b",
                            "volume_tags.%": "0",
                            "vpc_security_group_ids.#": "1",
                            "vpc_security_group_ids.2229985910": "sg-5f17c032"
                        },
                        "meta": {
                            "e2bfb730-ecaa-11e6-8f88-34363bc7c4c0": {
                                "create": 600000000000,
                                "delete": 600000000000,
                                "update": 600000000000
                            },
                            "schema_version": "1"
                        },
                        "tainted": false
                    },
                    "deposed": [],
                    "provider": "provider.aws"
                },
                "aws_route_table_association.public-kevin": {
                    "type": "aws_route_table_association",
                    "depends_on": [
                        "aws_subnet.app"
                    ],
                    "primary": {
                        "id": "rtbassoc-4c106e26",
                        "attributes": {
                            "id": "rtbassoc-4c106e26",
                            "route_table_id": "rtb-40bbe12b",
                            "subnet_id": "subnet-3dfc6c70"
                        },
                        "meta": {},
                        "tainted": false
                    },
                    "deposed": [],
                    "provider": "provider.aws"
                },
                "aws_security_group.kevin-app": {
                    "type": "aws_security_group",
                    "depends_on": [],
                    "primary": {
                        "id": "sg-5f17c032",
                        "attributes": {
                            "description": "Allow all inbound traffic",
                            "egress.#": "1",
                            "egress.482069346.cidr_blocks.#": "1",
                            "egress.482069346.cidr_blocks.0": "0.0.0.0/0",
                            "egress.482069346.description": "",
                            "egress.482069346.from_port": "0",
                            "egress.482069346.ipv6_cidr_blocks.#": "0",
                            "egress.482069346.prefix_list_ids.#": "0",
                            "egress.482069346.protocol": "-1",
                            "egress.482069346.security_groups.#": "0",
                            "egress.482069346.self": "false",
                            "egress.482069346.to_port": "0",
                            "id": "sg-5f17c032",
                            "ingress.#": "1",
                            "ingress.2214680975.cidr_blocks.#": "1",
                            "ingress.2214680975.cidr_blocks.0": "0.0.0.0/0",
                            "ingress.2214680975.description": "",
                            "ingress.2214680975.from_port": "80",
                            "ingress.2214680975.ipv6_cidr_blocks.#": "0",
                            "ingress.2214680975.protocol": "tcp",
                            "ingress.2214680975.security_groups.#": "0",
                            "ingress.2214680975.self": "false",
                            "ingress.2214680975.to_port": "80",
                            "name": "app-kevin",
                            "owner_id": "135928476890",
                            "revoke_rules_on_delete": "false",
                            "tags.%": "1",
                            "tags.Name": "app-kevin",
                            "vpc_id": "vpc-9fc370f4"
                        },
                        "meta": {
                            "schema_version": "1"
                        },
                        "tainted": false
                    },
                    "deposed": [],
                    "provider": "provider.aws"
                },
                "aws_security_group_rule.rule-kevin": {
                    "type": "aws_security_group_rule",
                    "depends_on": [
                        "aws_security_group.kevin-app"
                    ],
                    "primary": {
                        "id": "sgrule-2697797590",
                        "attributes": {
                            "cidr_blocks.#": "1",
                            "cidr_blocks.0": "0.0.0.0/0",
                            "description": "",
                            "from_port": "80",
                            "id": "sgrule-2697797590",
                            "ipv6_cidr_blocks.#": "0",
                            "prefix_list_ids.#": "0",
                            "protocol": "tcp",
                            "security_group_id": "sg-5f17c032",
                            "self": "false",
                            "to_port": "80",
                            "type": "ingress"
                        },
                        "meta": {
                            "schema_version": "2"
                        },
                        "tainted": false
                    },
                    "deposed": [],
                    "provider": "provider.aws"
                },
                "aws_subnet.app": {
                    "type": "aws_subnet",
                    "depends_on": [],
                    "primary": {
                        "id": "subnet-3dfc6c70",
                        "attributes": {
                            "assign_ipv6_address_on_creation": "false",
                            "availability_zone": "eu-central-1c",
                            "cidr_block": "10.1.1.0/24",
                            "id": "subnet-3dfc6c70",
                            "map_public_ip_on_launch": "true",
                            "tags.%": "1",
                            "tags.Name": "app-kevin",
                            "vpc_id": "vpc-9fc370f4"
                        },
                        "meta": {
                            "schema_version": "1"
                        },
                        "tainted": false
                    },
                    "deposed": [],
                    "provider": "provider.aws"
                }
            },
            "depends_on": []
        },
        {
            "path": [
                "root",
                "db-tier"
            ],
            "outputs": {
                "db_private_ip": {
                    "sensitive": false,
                    "type": "string",
                    "value": "10.1.2.176"
                },
                "id": {
                    "sensitive": false,
                    "type": "list",
                    "value": [
                        "i-05a4bc7214b332c28"
                    ]
                },
                "security_app": {
                    "sensitive": false,
                    "type": "string",
                    "value": "sg-f4e83f99"
                },
                "subnet": {
                    "sensitive": false,
                    "type": "string",
                    "value": "subnet-5dfc4a20"
                },
                "subnet_cidr_block": {
                    "sensitive": false,
                    "type": "string",
                    "value": "10.1.2.0/24"
                }
            },
            "resources": {
                "aws_instance.app": {
                    "type": "aws_instance",
                    "depends_on": [
                        "aws_security_group.kevin-app",
                        "aws_subnet.app"
                    ],
                    "primary": {
                        "id": "i-05a4bc7214b332c28",
                        "attributes": {
                            "ami": "ami-6175120e",
                            "associate_public_ip_address": "false",
                            "availability_zone": "eu-central-1b",
                            "disable_api_termination": "false",
                            "ebs_block_device.#": "0",
                            "ebs_optimized": "false",
                            "ephemeral_block_device.#": "0",
                            "iam_instance_profile": "",
                            "id": "i-05a4bc7214b332c28",
                            "instance_state": "running",
                            "instance_type": "t2.micro",
                            "ipv6_addresses.#": "0",
                            "key_name": "",
                            "monitoring": "false",
                            "network_interface.#": "0",
                            "network_interface_id": "eni-33da3d19",
                            "placement_group": "",
                            "primary_network_interface_id": "eni-33da3d19",
                            "private_dns": "ip-10-1-2-176.eu-central-1.compute.internal",
                            "private_ip": "10.1.2.176",
                            "public_dns": "",
                            "public_ip": "",
                            "root_block_device.#": "1",
                            "root_block_device.0.delete_on_termination": "true",
                            "root_block_device.0.iops": "100",
                            "root_block_device.0.volume_id": "vol-0628b0d68b4b3d280",
                            "root_block_device.0.volume_size": "8",
                            "root_block_device.0.volume_type": "gp2",
                            "security_groups.#": "0",
                            "source_dest_check": "true",
                            "subnet_id": "subnet-5dfc4a20",
                            "tags.%": "1",
                            "tags.Name": "db-kevin",
                            "tenancy": "default",
                            "user_data": "da39a3ee5e6b4b0d3255bfef95601890afd80709",
                            "volume_tags.%": "0",
                            "vpc_security_group_ids.#": "1",
                            "vpc_security_group_ids.809983839": "sg-f4e83f99"
                        },
                        "meta": {
                            "e2bfb730-ecaa-11e6-8f88-34363bc7c4c0": {
                                "create": 600000000000,
                                "delete": 600000000000,
                                "update": 600000000000
                            },
                            "schema_version": "1"
                        },
                        "tainted": false
                    },
                    "deposed": [],
                    "provider": "provider.aws"
                },
                "aws_route_table_association.public-kevin": {
                    "type": "aws_route_table_association",
                    "depends_on": [
                        "aws_subnet.app"
                    ],
                    "primary": {
                        "id": "rtbassoc-ce126ca4",
                        "attributes": {
                            "id": "rtbassoc-ce126ca4",
                            "route_table_id": "rtb-88bbe1e3",
                            "subnet_id": "subnet-5dfc4a20"
                        },
                        "meta": {},
                        "tainted": false
                    },
                    "deposed": [],
                    "provider": "provider.aws"
                },
                "aws_security_group.kevin-app": {
                    "type": "aws_security_group",
                    "depends_on": [],
                    "primary": {
                        "id": "sg-f4e83f99",
                        "attributes": {
                            "description": "Allow all inbound traffic",
                            "egress.#": "1",
                            "egress.482069346.cidr_blocks.#": "1",
                            "egress.482069346.cidr_blocks.0": "0.0.0.0/0",
                            "egress.482069346.description": "",
                            "egress.482069346.from_port": "0",
                            "egress.482069346.ipv6_cidr_blocks.#": "0",
                            "egress.482069346.prefix_list_ids.#": "0",
                            "egress.482069346.protocol": "-1",
                            "egress.482069346.security_groups.#": "0",
                            "egress.482069346.self": "false",
                            "egress.482069346.to_port": "0",
                            "id": "sg-f4e83f99",
                            "ingress.#": "1",
                            "ingress.697877593.cidr_blocks.#": "1",
                            "ingress.697877593.cidr_blocks.0": "10.1.1.0/24",
                            "ingress.697877593.description": "",
                            "ingress.697877593.from_port": "27017",
                            "ingress.697877593.ipv6_cidr_blocks.#": "0",
                            "ingress.697877593.protocol": "tcp",
                            "ingress.697877593.security_groups.#": "0",
                            "ingress.697877593.self": "false",
                            "ingress.697877593.to_port": "27017",
                            "name": "db-kevin",
                            "owner_id": "135928476890",
                            "revoke_rules_on_delete": "false",
                            "tags.%": "1",
                            "tags.Name": "db-kevin",
                            "vpc_id": "vpc-9fc370f4"
                        },
                        "meta": {
                            "schema_version": "1"
                        },
                        "tainted": false
                    },
                    "deposed": [],
                    "provider": "provider.aws"
                },
                "aws_security_group_rule.rule-kevin": {
                    "type": "aws_security_group_rule",
                    "depends_on": [
                        "aws_security_group.kevin-app"
                    ],
                    "primary": {
                        "id": "sgrule-322920613",
                        "attributes": {
                            "cidr_blocks.#": "1",
                            "cidr_blocks.0": "10.1.1.0/24",
                            "description": "",
                            "from_port": "27017",
                            "id": "sgrule-322920613",
                            "ipv6_cidr_blocks.#": "0",
                            "prefix_list_ids.#": "0",
                            "protocol": "tcp",
                            "security_group_id": "sg-f4e83f99",
                            "self": "false",
                            "to_port": "27017",
                            "type": "ingress"
                        },
                        "meta": {
                            "schema_version": "2"
                        },
                        "tainted": false
                    },
                    "deposed": [],
                    "provider": "provider.aws"
                },
                "aws_subnet.app": {
                    "type": "aws_subnet",
                    "depends_on": [],
                    "primary": {
                        "id": "subnet-5dfc4a20",
                        "attributes": {
                            "assign_ipv6_address_on_creation": "false",
                            "availability_zone": "eu-central-1b",
                            "cidr_block": "10.1.2.0/24",
                            "id": "subnet-5dfc4a20",
                            "map_public_ip_on_launch": "false",
                            "tags.%": "1",
                            "tags.Name": "db-kevin",
                            "vpc_id": "vpc-9fc370f4"
                        },
                        "meta": {
                            "schema_version": "1"
                        },
                        "tainted": false
                    },
                    "deposed": [],
                    "provider": "provider.aws"
                }
            },
            "depends_on": []
        }
    ]
}
